
Microsoft Visual Studio Solution File, Format Version 12.00
# Visual Studio Version 17
VisualStudioVersion = 17.3.32922.545
MinimumVisualStudioVersion = 10.0.40219.1
Project("{FAE04EC0-301F-11D3-BF4B-00C04F79EFBC}") = "лаба 3.2", "лаба 3.2\лаба 3.2.csproj", "{66287AF0-3D4D-4378-91ED-BD3727A03DE4}"
EndProject
Global
	GlobalSection(SolutionConfigurationPlatforms) = preSolution
		Debug|Any CPU = Debug|Any CPU
		Release|Any CPU = Release|Any CPU
	EndGlobalSection
	GlobalSection(ProjectConfigurationPlatforms) = postSolution
		{66287AF0-3D4D-4378-91ED-BD3727A03DE4}.Debug|Any CPU.ActiveCfg = Debug|Any CPU
		{66287AF0-3D4D-4378-91ED-BD3727A03DE4}.Debug|Any CPU.Build.0 = Debug|Any CPU
		{66287AF0-3D4D-4378-91ED-BD3727A03DE4}.Release|Any CPU.ActiveCfg = Release|Any CPU
		{66287AF0-3D4D-4378-91ED-BD3727A03DE4}.Release|Any CPU.Build.0 = Release|Any CPU
	EndGlobalSection
	GlobalSection(SolutionProperties) = preSolution
		HideSolutionNode = FALSE
	EndGlobalSection
	GlobalSection(ExtensibilityGlobals) = postSolution
		SolutionGuid = {2D0C6452-8443-47B8-B81F-498A67CF622C}
	EndGlobalSection
EndGlobal
